// !$*UTF8*$!
{
	archiveVersion = 1;
	classes = {
	};
	objectVersion = 50;
	objects = {

/* Begin PBXBuildFile section */
		2074AE7928E4C252005451B4 /* AppDelegate.swift in Sources */ = {isa = PBXBuildFile; fileRef = 2074AE7828E4C252005451B4 /* AppDelegate.swift */; };
		2074AE7B28E4C252005451B4 /* SceneDelegate.swift in Sources */ = {isa = PBXBuildFile; fileRef = 2074AE7A28E4C252005451B4 /* SceneDelegate.swift */; };
		2074AE7D28E4C252005451B4 /* ViewController.swift in Sources */ = {isa = PBXBuildFile; fileRef = 2074AE7C28E4C252005451B4 /* ViewController.swift */; };
		2074AE8028E4C252005451B4 /* Main.storyboard in Resources */ = {isa = PBXBuildFile; fileRef = 2074AE7E28E4C252005451B4 /* Main.storyboard */; };
		2074AE8328E4C252005451B4 /* ProyectoMovilesII.xcdatamodeld in Sources */ = {isa = PBXBuildFile; fileRef = 2074AE8128E4C252005451B4 /* ProyectoMovilesII.xcdatamodeld */; };
		2074AE8528E4C257005451B4 /* Assets.xcassets in Resources */ = {isa = PBXBuildFile; fileRef = 2074AE8428E4C257005451B4 /* Assets.xcassets */; };
		2074AE8828E4C257005451B4 /* LaunchScreen.storyboard in Resources */ = {isa = PBXBuildFile; fileRef = 2074AE8628E4C257005451B4 /* LaunchScreen.storyboard */; };
/* End PBXBuildFile section */

/* Begin PBXFileReference section */
		2074AE7528E4C252005451B4 /* ProyectoMovilesII.app */ = {isa = PBXFileReference; explicitFileType = wrapper.application; includeInIndex = 0; path = ProyectoMovilesII.app; sourceTree = BUILT_PRODUCTS_DIR; };
		2074AE7828E4C252005451B4 /* AppDelegate.swift */ = {isa = PBXFileReference; lastKnownFileType = sourcecode.swift; path = AppDelegate.swift; sourceTree = "<group>"; };
		2074AE7A28E4C252005451B4 /* SceneDelegate.swift */ = {isa = PBXFileReference; lastKnownFileType = sourcecode.swift; path = SceneDelegate.swift; sourceTree = "<group>"; };
		2074AE7C28E4C252005451B4 /* ViewController.swift */ = {isa = PBXFileReference; lastKnownFileType = sourcecode.swift; path = ViewController.swift; sourceTree = "<group>"; };
		2074AE7F28E4C252005451B4 /* Base */ = {isa = PBXFileReference; lastKnownFileType = file.storyboard; name = Base; path = Base.lproj/Main.storyboard; sourceTree = "<group>"; };
		2074AE8228E4C252005451B4 /* ProyectoMovilesII.xcdatamodel */ = {isa = PBXFileReference; lastKnownFileType = wrapper.xcdatamodel; path = ProyectoMovilesII.xcdatamodel; sourceTree = "<group>"; };
		2074AE8428E4C257005451B4 /* Assets.xcassets */ = {isa = PBXFileReference; lastKnownFileType = folder.assetcatalog; path = Assets.xcassets; sourceTree = "<group>"; };
		2074AE8728E4C257005451B4 /* Base */ = {isa = PBXFileReference; lastKnownFileType = file.storyboard; name = Base; path = Base.lproj/LaunchScreen.storyboard; sourceTree = "<group>"; };
		2074AE8928E4C257005451B4 /* Info.plist */ = {isa = PBXFileReference; lastKnownFileType = text.plist.xml; path = Info.plist; sourceTree = "<group>"; };
/* End PBXFileReference section */

/* Begin PBXFrameworksBuildPhase section */
		2074AE7228E4C252005451B4 /* Frameworks */ = {
			isa = PBXFrameworksBuildPhase;
			buildActionMask = 2147483647;
			files = (
			);
			runOnlyForDeploymentPostprocessing = 0;
		};
/* End PBXFrameworksBuildPhase section */

/* Begin PBXGroup section */
		2074AE6C28E4C252005451B4 = {
			isa = PBXGroup;
			children = (
				2074AE7728E4C252005451B4 /* ProyectoMovilesII */,
				2074AE7628E4C252005451B4 /* Products */,
			);
			sourceTree = "<group>";
		};
		2074AE7628E4C252005451B4 /* Products */ = {
			isa = PBXGroup;
			children = (
				2074AE7528E4C252005451B4 /* ProyectoMovilesII.app */,
			);
			name = Products;
			sourceTree = "<group>";
		};
		2074AE7728E4C252005451B4 /* ProyectoMovilesII */ = {
			isa = PBXGroup;
			children = (
				2074AE7828E4C252005451B4 /* AppDelegate.swift */,
				2074AE7A28E4C252005451B4 /* SceneDelegate.swift */,
				2074AE7C28E4C252005451B4 /* ViewController.swift */,
				2074AE7E28E4C252005451B4 /* Main.storyboard */,
				2074AE8428E4C257005451B4 /* Assets.xcassets */,
				2074AE8628E4C257005451B4 /* LaunchScreen.storyboard */,
				2074AE8928E4C257005451B4 /* Info.plist */,
				2074AE8128E4C252005451B4 /* ProyectoMovilesII.xcdatamodeld */,
			);
			path = ProyectoMovilesII;
			sourceTree = "<group>";
		};
/* End PBXGroup section */

/* Begin PBXNativeTarget section */
		2074AE7428E4C252005451B4 /* ProyectoMovilesII */ = {
			isa = PBXNativeTarget;
			buildConfigurationList = 2074AE8C28E4C257005451B4 /* Build configuration list for PBXNativeTarget "ProyectoMovilesII" */;
			buildPhases = (
				2074AE7128E4C252005451B4 /* Sources */,
				2074AE7228E4C252005451B4 /* Frameworks */,
				2074AE7328E4C252005451B4 /* Resources */,
			);
			buildRules = (
			);
			dependencies = (
			);
			name = ProyectoMovilesII;
			productName = ProyectoMovilesII;
			productReference = 2074AE7528E4C252005451B4 /* ProyectoMovilesII.app */;
			productType = "com.apple.product-type.application";
		};
/* End PBXNativeTarget section */

/* Begin PBXProject section */
		2074AE6D28E4C252005451B4 /* Project object */ = {
			isa = PBXProject;
			attributes = {
				LastSwiftUpdateCheck = 1170;
				LastUpgradeCheck = 1170;
				ORGANIZATIONNAME = Veterinaria;
				TargetAttributes = {
					2074AE7428E4C252005451B4 = {
						CreatedOnToolsVersion = 11.7;
					};
				};
			};
			buildConfigurationList = 2074AE7028E4C252005451B4 /* Build configuration list for PBXProject "ProyectoMovilesII" */;
			compatibilityVersion = "Xcode 9.3";
			developmentRegion = en;
			hasScannedForEncodings = 0;
			knownRegions = (
				en,
				Base,
			);
			mainGroup = 2074AE6C28E4C252005451B4;
			productRefGroup = 2074AE7628E4C252005451B4 /* Products */;
			projectDirPath = "";
			projectRoot = "";
			targets = (
				2074AE7428E4C252005451B4 /* ProyectoMovilesII */,
			);
		};
/* End PBXProject section */

/* Begin PBXResourcesBuildPhase section */
		2074AE7328E4C252005451B4 /* Resources */ = {
			isa = PBXResourcesBuildPhase;
			buildActionMask = 2147483647;
			files = (
				2074AE8828E4C257005451B4 /* LaunchScreen.storyboard in Resources */,
				2074AE8528E4C257005451B4 /* Assets.xcassets in Resources */,
				2074AE8028E4C252005451B4 /* Main.storyboard in Resources */,
			);
			runOnlyForDeploymentPostprocessing = 0;
		};
/* End PBXResourcesBuildPhase section */

/* Begin PBXSourcesBuildPhase section */
		2074AE7128E4C252005451B4 /* Sources */ = {
			isa = PBXSourcesBuildPhase;
			buildActionMask = 2147483647;
			files = (
				2074AE8328E4C252005451B4 /* ProyectoMovilesII.xcdatamodeld in Sources */,
				2074AE7D28E4C252005451B4 /* ViewController.swift in Sources */,
				2074AE7928E4C252005451B4 /* AppDelegate.swift in Sources */,
				2074AE7B28E4C252005451B4 /* SceneDelegate.swift in Sources */,
			);
			runOnlyForDeploymentPostprocessing = 0;
		};
/* End PBXSourcesBuildPhase section */

/* Begin PBXVariantGroup section */
		2074AE7E28E4C252005451B4 /* Main.storyboard */ = {
			isa = PBXVariantGroup;
			children = (
				2074AE7F28E4C252005451B4 /* Base */,
			);
			name = Main.storyboard;
			sourceTree = "<group>";
		};
		2074AE8628E4C257005451B4 /* LaunchScreen.storyboard */ = {
			isa = PBXVariantGroup;
			children = (
				2074AE8728E4C257005451B4 /* Base */,
			);
			name = LaunchScreen.storyboard;
			sourceTree = "<group>";
		};
/* End PBXVariantGroup section */

/* Begin XCBuildConfiguration section */
		2074AE8A28E4C257005451B4 /* Debug */ = {
			isa = XCBuildConfiguration;
			buildSettings = {
				ALWAYS_SEARCH_USER_PATHS = NO;
				CLANG_ANALYZER_NONNULL = YES;
				CLANG_ANALYZER_NUMBER_OBJECT_CONVERSION = YES_AGGRESSIVE;
				CLANG_CXX_LANGUAGE_STANDARD = "gnu++14";
				CLANG_CXX_LIBRARY = "libc++";
				CLANG_ENABLE_MODULES = YES;
				CLANG_ENABLE_OBJC_ARC = YES;
				CLANG_ENABLE_OBJC_WEAK = YES;
				CLANG_WARN_BLOCK_CAPTURE_AUTORELEASING = YES;
				CLANG_WARN_BOOL_CONVERSION = YES;
				CLANG_WARN_COMMA = YES;
				CLANG_WARN_CONSTANT_CONVERSION = YES;
				CLANG_WARN_DEPRECATED_OBJC_IMPLEMENTATIONS = YES;
				CLANG_WARN_DIRECT_OBJC_ISA_USAGE = YES_ERROR;
				CLANG_WARN_DOCUMENTATION_COMMENTS = YES;
				CLANG_WARN_EMPTY_BODY = YES;
				CLANG_WARN_ENUM_CONVERSION = YES;
				CLANG_WARN_INFINITE_RECURSION = YES;
				CLANG_WARN_INT_CONVERSION = YES;
				CLANG_WARN_NON_LITERAL_NULL_CONVERSION = YES;
				CLANG_WARN_OBJC_IMPLICIT_RETAIN_SELF = YES;
				CLANG_WARN_OBJC_LITERAL_CONVERSION = YES;
				CLANG_WARN_OBJC_ROOT_CLASS = YES_ERROR;
				CLANG_WARN_RANGE_LOOP_ANALYSIS = YES;
				CLANG_WARN_STRICT_PROTOTYPES = YES;
				CLANG_WARN_SUSPICIOUS_MOVE = YES;
				CLANG_WARN_UNGUARDED_AVAILABILITY = YES_AGGRESSIVE;
				CLANG_WARN_UNREACHABLE_CODE = YES;
				CLANG_WARN__DUPLICATE_METHOD_MATCH = YES;
				COPY_PHASE_STRIP = NO;
				DEBUG_INFORMATION_FORMAT = dwarf;
				ENABLE_STRICT_OBJC_MSGSEND = YES;
				ENABLE_TESTABILITY = YES;
				GCC_C_LANGUAGE_STANDARD = gnu11;
				GCC_DYNAMIC_NO_PIC = NO;
				GCC_NO_COMMON_BLOCKS = YES;
				GCC_OPTIMIZATION_LEVEL = 0;
				GCC_PREPROCESSOR_DEFINITIONS = (
					"DEBUG=1",
					"$(inherited)",
				);
				GCC_WARN_64_TO_32_BIT_CONVERSION = YES;
				GCC_WARN_ABOUT_RETURN_TYPE = YES_ERROR;
				GCC_WARN_UNDECLARED_SELECTOR = YES;
				GCC_WARN_UNINITIALIZED_AUTOS = YES_AGGRESSIVE;
				GCC_WARN_UNUSED_FUNCTION = YES;
				GCC_WARN_UNUSED_VARIABLE = YES;
				IPHONEOS_DEPLOYMENT_TARGET = 13.7;
				MTL_ENABLE_DEBUG_INFO = INCLUDE_SOURCE;
				MTL_FAST_MATH = YES;
				ONLY_ACTIVE_ARCH = YES;
				SDKROOT = iphoneos;
				SWIFT_ACTIVE_COMPILATION_CONDITIONS = DEBUG;
				SWIFT_OPTIMIZATION_LEVEL = "-Onone";
			};
			name = Debug;
		};
		2074AE8B28E4C257005451B4 /* Release */ = {
			isa = XCBuildConfiguration;
			buildSettings = {
				ALWAYS_SEARCH_USER_PATHS = NO;
				CLANG_ANALYZER_NONNULL = YES;
				CLANG_ANALYZER_NUMBER_OBJECT_CONVERSION = YES_AGGRESSIVE;
				CLANG_CXX_LANGUAGE_STANDARD = "gnu++14";
				CLANG_CXX_LIBRARY = "libc++";
				CLANG_ENABLE_MODULES = YES;
				CLANG_ENABLE_OBJC_ARC = YES;
				CLANG_ENABLE_OBJC_WEAK = YES;
				CLANG_WARN_BLOCK_CAPTURE_AUTORELEASING = YES;
				CLANG_WARN_BOOL_CONVERSION = YES;
				CLANG_WARN_COMMA = YES;
				CLANG_WARN_CONSTANT_CONVERSION = YES;
				CLANG_WARN_DEPRECATED_OBJC_IMPLEMENTATIONS = YES;
				CLANG_WARN_DIRECT_OBJC_ISA_USAGE = YES_ERROR;
				CLANG_WARN_DOCUMENTATION_COMMENTS = YES;
				CLANG_WARN_EMPTY_BODY = YES;
				CLANG_WARN_ENUM_CONVERSION = YES;
				CLANG_WARN_INFINITE_RECURSION = YES;
				CLANG_WARN_INT_CONVERSION = YES;
				CLANG_WARN_NON_LITERAL_NULL_CONVERSION = YES;
				CLANG_WARN_OBJC_IMPLICIT_RETAIN_SELF = YES;
				CLANG_WARN_OBJC_LITERAL_CONVERSION = YES;
				CLANG_WARN_OBJC_ROOT_CLASS = YES_ERROR;
				CLANG_WARN_RANGE_LOOP_ANALYSIS = YES;
				CLANG_WARN_STRICT_PROTOTYPES = YES;
				CLANG_WARN_SUSPICIOUS_MOVE = YES;
				CLANG_WARN_UNGUARDED_AVAILABILITY = YES_AGGRESSIVE;
				CLANG_WARN_UNREACHABLE_CODE = YES;
				CLANG_WARN__DUPLICATE_METHOD_MATCH = YES;
				COPY_PHASE_STRIP = NO;
				DEBUG_INFORMATION_FORMAT = "dwarf-with-dsym";
				ENABLE_NS_ASSERTIONS = NO;
				ENABLE_STRICT_OBJC_MSGSEND = YES;
				GCC_C_LANGUAGE_STANDARD = gnu11;
				GCC_NO_COMMON_BLOCKS = YES;
				GCC_WARN_64_TO_32_BIT_CONVERSION = YES;
				GCC_WARN_ABOUT_RETURN_TYPE = YES_ERROR;
				GCC_WARN_UNDECLARED_SELECTOR = YES;
				GCC_WARN_UNINITIALIZED_AUTOS = YES_AGGRESSIVE;
				GCC_WARN_UNUSED_FUNCTION = YES;
				GCC_WARN_UNUSED_VARIABLE = YES;
				IPHONEOS_DEPLOYMENT_TARGET = 13.7;
				MTL_ENABLE_DEBUG_INFO = NO;
				MTL_FAST_MATH = YES;
				SDKROOT = iphoneos;
				SWIFT_COMPILATION_MODE = wholemodule;
				SWIFT_OPTIMIZATION_LEVEL = "-O";
				VALIDATE_PRODUCT = YES;
			};
			name = Release;
		};
		2074AE8D28E4C257005451B4 /* Debug */ = {
			isa = XCBuildConfiguration;
			buildSettings = {
				ASSETCATALOG_COMPILER_APPICON_NAME = AppIcon;
				CODE_SIGN_STYLE = Automatic;
				INFOPLIST_FILE = ProyectoMovilesII/Info.plist;
				LD_RUNPATH_SEARCH_PATHS = (
					"$(inherited)",
					"@executable_path/Frameworks",
				);
				PRODUCT_BUNDLE_IDENTIFIER = com.cibertec.ProyectoMovilesII;
				PRODUCT_NAME = "$(TARGET_NAME)";
				SWIFT_VERSION = 5.0;
				TARGETED_DEVICE_FAMILY = "1,2";
			};
			name = Debug;
		};
		2074AE8E28E4C257005451B4 /* Release */ = {
			isa = XCBuildConfiguration;
			buildSettings = {
				ASSETCATALOG_COMPILER_APPICON_NAME = AppIcon;
				CODE_SIGN_STYLE = Automatic;
				INFOPLIST_FILE = ProyectoMovilesII/Info.plist;
				LD_RUNPATH_SEARCH_PATHS = (
					"$(inherited)",
					"@executable_path/Frameworks",
				);
				PRODUCT_BUNDLE_IDENTIFIER = com.cibertec.ProyectoMovilesII;
				PRODUCT_NAME = "$(TARGET_NAME)";
				SWIFT_VERSION = 5.0;
				TARGETED_DEVICE_FAMILY = "1,2";
			};
			name = Release;
		};
/* End XCBuildConfiguration section */

/* Begin XCConfigurationList section */
		2074AE7028E4C252005451B4 /* Build configuration list for PBXProject "ProyectoMovilesII" */ = {
			isa = XCConfigurationList;
			buildConfigurations = (
				2074AE8A28E4C257005451B4 /* Debug */,
				2074AE8B28E4C257005451B4 /* Release */,
			);
			defaultConfigurationIsVisible = 0;
			defaultConfigurationName = Release;
		};
		2074AE8C28E4C257005451B4 /* Build configuration list for PBXNativeTarget "ProyectoMovilesII" */ = {
			isa = XCConfigurationList;
			buildConfigurations = (
				2074AE8D28E4C257005451B4 /* Debug */,
				2074AE8E28E4C257005451B4 /* Release */,
			);
			defaultConfigurationIsVisible = 0;
			defaultConfigurationName = Release;
		};
/* End XCConfigurationList section */

/* Begin XCVersionGroup section */
		2074AE8128E4C252005451B4 /* ProyectoMovilesII.xcdatamodeld */ = {
			isa = XCVersionGroup;
			children = (
				2074AE8228E4C252005451B4 /* ProyectoMovilesII.xcdatamodel */,
			);
			currentVersion = 2074AE8228E4C252005451B4 /* ProyectoMovilesII.xcdatamodel */;
			path = ProyectoMovilesII.xcdatamodeld;
			sourceTree = "<group>";
			versionGroupType = wrapper.xcdatamodel;
		};
/* End XCVersionGroup section */
	};
	rootObject = 2074AE6D28E4C252005451B4 /* Project object */;
}
